// !$*UTF8*$!
{
	archiveVersion = 1;
	classes = {
	};
	objectVersion = 77;
	objects = {

/* Begin PBXBuildFile section */
		DF5385A82E3CB26600EB5177 /* ios_system_design_topics.md in Resources */ = {isa = PBXBuildFile; fileRef = DF5385A72E3CB26600EB5177 /* ios_system_design_topics.md */; };
		DFDE532C2E3FD6E400BE894C /* iOS_Fundamentals_Roadmap.md in Resources */ = {isa = PBXBuildFile; fileRef = DFDE532B2E3FD6E400BE894C /* iOS_Fundamentals_Roadmap.md */; };
/* End PBXBuildFile section */

/* Begin PBXContainerItemProxy section */
		DF5384EB2E3C74C700EB5177 /* PBXContainerItemProxy */ = {
			isa = PBXContainerItemProxy;
			containerPortal = DF5384D52E3C74C600EB5177 /* Project object */;
			proxyType = 1;
			remoteGlobalIDString = DF5384DC2E3C74C600EB5177;
			remoteInfo = "Swift-Concurrency";
		};
		DF5384F52E3C74C700EB5177 /* PBXContainerItemProxy */ = {
			isa = PBXContainerItemProxy;
			containerPortal = DF5384D52E3C74C600EB5177 /* Project object */;
			proxyType = 1;
			remoteGlobalIDString = DF5384DC2E3C74C600EB5177;
			remoteInfo = "Swift-Concurrency";
		};
/* End PBXContainerItemProxy section */

/* Begin PBXFileReference section */
		DF5384DD2E3C74C600EB5177 /* Swift-Concurrency.app */ = {isa = PBXFileReference; explicitFileType = wrapper.application; includeInIndex = 0; path = "Swift-Concurrency.app"; sourceTree = BUILT_PRODUCTS_DIR; };
		DF5384EA2E3C74C700EB5177 /* Swift-ConcurrencyTests.xctest */ = {isa = PBXFileReference; explicitFileType = wrapper.cfbundle; includeInIndex = 0; path = "Swift-ConcurrencyTests.xctest"; sourceTree = BUILT_PRODUCTS_DIR; };
		DF5384F42E3C74C700EB5177 /* Swift-ConcurrencyUITests.xctest */ = {isa = PBXFileReference; explicitFileType = wrapper.cfbundle; includeInIndex = 0; path = "Swift-ConcurrencyUITests.xctest"; sourceTree = BUILT_PRODUCTS_DIR; };
		DF5385A72E3CB26600EB5177 /* ios_system_design_topics.md */ = {isa = PBXFileReference; lastKnownFileType = net.daringfireball.markdown; path = ios_system_design_topics.md; sourceTree = "<group>"; };
		DFDE532B2E3FD6E400BE894C /* iOS_Fundamentals_Roadmap.md */ = {isa = PBXFileReference; lastKnownFileType = net.daringfireball.markdown; path = iOS_Fundamentals_Roadmap.md; sourceTree = "<group>"; };
/* End PBXFileReference section */

/* Begin PBXFileSystemSynchronizedRootGroup section */
		DF5384DF2E3C74C600EB5177 /* Swift-Concurrency */ = {
			isa = PBXFileSystemSynchronizedRootGroup;
			path = "Swift-Concurrency";
			sourceTree = "<group>";
		};
/* End PBXFileSystemSynchronizedRootGroup section */

/* Begin PBXFrameworksBuildPhase section */
		DF5384DA2E3C74C600EB5177 /* Frameworks */ = {
			isa = PBXFrameworksBuildPhase;
			buildActionMask = 2147483647;
			files = (
			);
			runOnlyForDeploymentPostprocessing = 0;
		};
		DF5384E72E3C74C700EB5177 /* Frameworks */ = {
			isa = PBXFrameworksBuildPhase;
			buildActionMask = 2147483647;
			files = (
			);
			runOnlyForDeploymentPostprocessing = 0;
		};
		DF5384F12E3C74C700EB5177 /* Frameworks */ = {
			isa = PBXFrameworksBuildPhase;
			buildActionMask = 2147483647;
			files = (
			);
			runOnlyForDeploymentPostprocessing = 0;
		};
/* End PBXFrameworksBuildPhase section */

/* Begin PBXGroup section */
		DF5384D42E3C74C600EB5177 = {
			isa = PBXGroup;
			children = (
				DFDE532B2E3FD6E400BE894C /* iOS_Fundamentals_Roadmap.md */,
				DF5385A72E3CB26600EB5177 /* ios_system_design_topics.md */,
				DF5384DF2E3C74C600EB5177 /* Swift-Concurrency */,
				DF5384DE2E3C74C600EB5177 /* Products */,
			);
			sourceTree = "<group>";
		};
		DF5384DE2E3C74C600EB5177 /* Products */ = {
			isa = PBXGroup;
			children = (
				DF5384DD2E3C74C600EB5177 /* Swift-Concurrency.app */,
				DF5384EA2E3C74C700EB5177 /* Swift-ConcurrencyTests.xctest */,
				DF5384F42E3C74C700EB5177 /* Swift-ConcurrencyUITests.xctest */,
			);
			name = Products;
			sourceTree = "<group>";
		};
/* End PBXGroup section */

/* Begin PBXNativeTarget section */
		DF5384DC2E3C74C600EB5177 /* Swift-Concurrency */ = {
			isa = PBXNativeTarget;
			buildConfigurationList = DF5384FE2E3C74C700EB5177 /* Build configuration list for PBXNativeTarget "Swift-Concurrency" */;
			buildPhases = (
				DF5384D92E3C74C600EB5177 /* Sources */,
				DF5384DA2E3C74C600EB5177 /* Frameworks */,
				DF5384DB2E3C74C600EB5177 /* Resources */,
			);
			buildRules = (
			);
			dependencies = (
			);
			fileSystemSynchronizedGroups = (
				DF5384DF2E3C74C600EB5177 /* Swift-Concurrency */,
			);
			name = "Swift-Concurrency";
			packageProductDependencies = (
			);
			productName = "Swift-Concurrency";
			productReference = DF5384DD2E3C74C600EB5177 /* Swift-Concurrency.app */;
			productType = "com.apple.product-type.application";
		};
		DF5384E92E3C74C700EB5177 /* Swift-ConcurrencyTests */ = {
			isa = PBXNativeTarget;
			buildConfigurationList = DF5385012E3C74C700EB5177 /* Build configuration list for PBXNativeTarget "Swift-ConcurrencyTests" */;
			buildPhases = (
				DF5384E62E3C74C700EB5177 /* Sources */,
				DF5384E72E3C74C700EB5177 /* Frameworks */,
				DF5384E82E3C74C700EB5177 /* Resources */,
			);
			buildRules = (
			);
			dependencies = (
				DF5384EC2E3C74C700EB5177 /* PBXTargetDependency */,
			);
			name = "Swift-ConcurrencyTests";
			packageProductDependencies = (
			);
			productName = "Swift-ConcurrencyTests";
			productReference = DF5384EA2E3C74C700EB5177 /* Swift-ConcurrencyTests.xctest */;
			productType = "com.apple.product-type.bundle.unit-test";
		};
		DF5384F32E3C74C700EB5177 /* Swift-ConcurrencyUITests */ = {
			isa = PBXNativeTarget;
			buildConfigurationList = DF5385042E3C74C700EB5177 /* Build configuration list for PBXNativeTarget "Swift-ConcurrencyUITests" */;
			buildPhases = (
				DF5384F02E3C74C700EB5177 /* Sources */,
				DF5384F12E3C74C700EB5177 /* Frameworks */,
				DF5384F22E3C74C700EB5177 /* Resources */,
			);
			buildRules = (
			);
			dependencies = (
				DF5384F62E3C74C700EB5177 /* PBXTargetDependency */,
			);
			name = "Swift-ConcurrencyUITests";
			packageProductDependencies = (
			);
			productName = "Swift-ConcurrencyUITests";
			productReference = DF5384F42E3C74C700EB5177 /* Swift-ConcurrencyUITests.xctest */;
			productType = "com.apple.product-type.bundle.ui-testing";
		};
/* End PBXNativeTarget section */

/* Begin PBXProject section */
		DF5384D52E3C74C600EB5177 /* Project object */ = {
			isa = PBXProject;
			attributes = {
				BuildIndependentTargetsInParallel = 1;
				LastSwiftUpdateCheck = 1640;
				LastUpgradeCheck = 1640;
				TargetAttributes = {
					DF5384DC2E3C74C600EB5177 = {
						CreatedOnToolsVersion = 16.4;
					};
					DF5384E92E3C74C700EB5177 = {
						CreatedOnToolsVersion = 16.4;
						TestTargetID = DF5384DC2E3C74C600EB5177;
					};
					DF5384F32E3C74C700EB5177 = {
						CreatedOnToolsVersion = 16.4;
						TestTargetID = DF5384DC2E3C74C600EB5177;
					};
				};
			};
			buildConfigurationList = DF5384D82E3C74C600EB5177 /* Build configuration list for PBXProject "Swift-Concurrency" */;
			developmentRegion = en;
			hasScannedForEncodings = 0;
			knownRegions = (
				en,
				Base,
			);
			mainGroup = DF5384D42E3C74C600EB5177;
			minimizedProjectReferenceProxies = 1;
			preferredProjectObjectVersion = 77;
			productRefGroup = DF5384DE2E3C74C600EB5177 /* Products */;
			projectDirPath = "";
			projectRoot = "";
			targets = (
				DF5384DC2E3C74C600EB5177 /* Swift-Concurrency */,
				DF5384E92E3C74C700EB5177 /* Swift-ConcurrencyTests */,
				DF5384F32E3C74C700EB5177 /* Swift-ConcurrencyUITests */,
			);
		};
/* End PBXProject section */

/* Begin PBXResourcesBuildPhase section */
		DF5384DB2E3C74C600EB5177 /* Resources */ = {
			isa = PBXResourcesBuildPhase;
			buildActionMask = 2147483647;
			files = (
				DF5385A82E3CB26600EB5177 /* ios_system_design_topics.md in Resources */,
				DFDE532C2E3FD6E400BE894C /* iOS_Fundamentals_Roadmap.md in Resources */,
			);
			runOnlyForDeploymentPostprocessing = 0;
		};
		DF5384E82E3C74C700EB5177 /* Resources */ = {
			isa = PBXResourcesBuildPhase;
			buildActionMask = 2147483647;
			files = (
			);
			runOnlyForDeploymentPostprocessing = 0;
		};
		DF5384F22E3C74C700EB5177 /* Resources */ = {
			isa = PBXResourcesBuildPhase;
			buildActionMask = 2147483647;
			files = (
			);
			runOnlyForDeploymentPostprocessing = 0;
		};
/* End PBXResourcesBuildPhase section */

/* Begin PBXSourcesBuildPhase section */
		DF5384D92E3C74C600EB5177 /* Sources */ = {
			isa = PBXSourcesBuildPhase;
			buildActionMask = 2147483647;
			files = (
			);
			runOnlyForDeploymentPostprocessing = 0;
		};
		DF5384E62E3C74C700EB5177 /* Sources */ = {
			isa = PBXSourcesBuildPhase;
			buildActionMask = 2147483647;
			files = (
			);
			runOnlyForDeploymentPostprocessing = 0;
		};
		DF5384F02E3C74C700EB5177 /* Sources */ = {
			isa = PBXSourcesBuildPhase;
			buildActionMask = 2147483647;
			files = (
			);
			runOnlyForDeploymentPostprocessing = 0;
		};
/* End PBXSourcesBuildPhase section */

/* Begin PBXTargetDependency section */
		DF5384EC2E3C74C700EB5177 /* PBXTargetDependency */ = {
			isa = PBXTargetDependency;
			target = DF5384DC2E3C74C600EB5177 /* Swift-Concurrency */;
			targetProxy = DF5384EB2E3C74C700EB5177 /* PBXContainerItemProxy */;
		};
		DF5384F62E3C74C700EB5177 /* PBXTargetDependency */ = {
			isa = PBXTargetDependency;
			target = DF5384DC2E3C74C600EB5177 /* Swift-Concurrency */;
			targetProxy = DF5384F52E3C74C700EB5177 /* PBXContainerItemProxy */;
		};
/* End PBXTargetDependency section */

/* Begin XCBuildConfiguration section */
		DF5384FC2E3C74C700EB5177 /* Debug */ = {
			isa = XCBuildConfiguration;
			buildSettings = {
				ALWAYS_SEARCH_USER_PATHS = NO;
				ASSETCATALOG_COMPILER_GENERATE_SWIFT_ASSET_SYMBOL_EXTENSIONS = YES;
				CLANG_ANALYZER_NONNULL = YES;
				CLANG_ANALYZER_NUMBER_OBJECT_CONVERSION = YES_AGGRESSIVE;
				CLANG_CXX_LANGUAGE_STANDARD = "gnu++20";
				CLANG_ENABLE_MODULES = YES;
				CLANG_ENABLE_OBJC_ARC = YES;
				CLANG_ENABLE_OBJC_WEAK = YES;
				CLANG_WARN_BLOCK_CAPTURE_AUTORELEASING = YES;
				CLANG_WARN_BOOL_CONVERSION = YES;
				CLANG_WARN_COMMA = YES;
				CLANG_WARN_CONSTANT_CONVERSION = YES;
				CLANG_WARN_DEPRECATED_OBJC_IMPLEMENTATIONS = YES;
				CLANG_WARN_DIRECT_OBJC_ISA_USAGE = YES_ERROR;
				CLANG_WARN_DOCUMENTATION_COMMENTS = YES;
				CLANG_WARN_EMPTY_BODY = YES;
				CLANG_WARN_ENUM_CONVERSION = YES;
				CLANG_WARN_INFINITE_RECURSION = YES;
				CLANG_WARN_INT_CONVERSION = YES;
				CLANG_WARN_NON_LITERAL_NULL_CONVERSION = YES;
				CLANG_WARN_OBJC_IMPLICIT_RETAIN_SELF = YES;
				CLANG_WARN_OBJC_LITERAL_CONVERSION = YES;
				CLANG_WARN_OBJC_ROOT_CLASS = YES_ERROR;
				CLANG_WARN_QUOTED_INCLUDE_IN_FRAMEWORK_HEADER = YES;
				CLANG_WARN_RANGE_LOOP_ANALYSIS = YES;
				CLANG_WARN_STRICT_PROTOTYPES = YES;
				CLANG_WARN_SUSPICIOUS_MOVE = YES;
				CLANG_WARN_UNGUARDED_AVAILABILITY = YES_AGGRESSIVE;
				CLANG_WARN_UNREACHABLE_CODE = YES;
				CLANG_WARN__DUPLICATE_METHOD_MATCH = YES;
				COPY_PHASE_STRIP = NO;
				DEBUG_INFORMATION_FORMAT = dwarf;
				ENABLE_STRICT_OBJC_MSGSEND = YES;
				ENABLE_TESTABILITY = YES;
				ENABLE_USER_SCRIPT_SANDBOXING = YES;
				GCC_C_LANGUAGE_STANDARD = gnu17;
				GCC_DYNAMIC_NO_PIC = NO;
				GCC_NO_COMMON_BLOCKS = YES;
				GCC_OPTIMIZATION_LEVEL = 0;
				GCC_PREPROCESSOR_DEFINITIONS = (
					"DEBUG=1",
					"$(inherited)",
				);
				GCC_WARN_64_TO_32_BIT_CONVERSION = YES;
				GCC_WARN_ABOUT_RETURN_TYPE = YES_ERROR;
				GCC_WARN_UNDECLARED_SELECTOR = YES;
				GCC_WARN_UNINITIALIZED_AUTOS = YES_AGGRESSIVE;
				GCC_WARN_UNUSED_FUNCTION = YES;
				GCC_WARN_UNUSED_VARIABLE = YES;
				IPHONEOS_DEPLOYMENT_TARGET = 18.5;
				LOCALIZATION_PREFERS_STRING_CATALOGS = YES;
				MTL_ENABLE_DEBUG_INFO = INCLUDE_SOURCE;
				MTL_FAST_MATH = YES;
				ONLY_ACTIVE_ARCH = YES;
				SDKROOT = iphoneos;
				SWIFT_ACTIVE_COMPILATION_CONDITIONS = "DEBUG $(inherited)";
				SWIFT_OPTIMIZATION_LEVEL = "-Onone";
			};
			name = Debug;
		};
		DF5384FD2E3C74C700EB5177 /* Release */ = {
			isa = XCBuildConfiguration;
			buildSettings = {
				ALWAYS_SEARCH_USER_PATHS = NO;
				ASSETCATALOG_COMPILER_GENERATE_SWIFT_ASSET_SYMBOL_EXTENSIONS = YES;
				CLANG_ANALYZER_NONNULL = YES;
				CLANG_ANALYZER_NUMBER_OBJECT_CONVERSION = YES_AGGRESSIVE;
				CLANG_CXX_LANGUAGE_STANDARD = "gnu++20";
				CLANG_ENABLE_MODULES = YES;
				CLANG_ENABLE_OBJC_ARC = YES;
				CLANG_ENABLE_OBJC_WEAK = YES;
				CLANG_WARN_BLOCK_CAPTURE_AUTORELEASING = YES;
				CLANG_WARN_BOOL_CONVERSION = YES;
				CLANG_WARN_COMMA = YES;
				CLANG_WARN_CONSTANT_CONVERSION = YES;
				CLANG_WARN_DEPRECATED_OBJC_IMPLEMENTATIONS = YES;
				CLANG_WARN_DIRECT_OBJC_ISA_USAGE = YES_ERROR;
				CLANG_WARN_DOCUMENTATION_COMMENTS = YES;
				CLANG_WARN_EMPTY_BODY = YES;
				CLANG_WARN_ENUM_CONVERSION = YES;
				CLANG_WARN_INFINITE_RECURSION = YES;
				CLANG_WARN_INT_CONVERSION = YES;
				CLANG_WARN_NON_LITERAL_NULL_CONVERSION = YES;
				CLANG_WARN_OBJC_IMPLICIT_RETAIN_SELF = YES;
				CLANG_WARN_OBJC_LITERAL_CONVERSION = YES;
				CLANG_WARN_OBJC_ROOT_CLASS = YES_ERROR;
				CLANG_WARN_QUOTED_INCLUDE_IN_FRAMEWORK_HEADER = YES;
				CLANG_WARN_RANGE_LOOP_ANALYSIS = YES;
				CLANG_WARN_STRICT_PROTOTYPES = YES;
				CLANG_WARN_SUSPICIOUS_MOVE = YES;
				CLANG_WARN_UNGUARDED_AVAILABILITY = YES_AGGRESSIVE;
				CLANG_WARN_UNREACHABLE_CODE = YES;
				CLANG_WARN__DUPLICATE_METHOD_MATCH = YES;
				COPY_PHASE_STRIP = NO;
				DEBUG_INFORMATION_FORMAT = "dwarf-with-dsym";
				ENABLE_NS_ASSERTIONS = NO;
				ENABLE_STRICT_OBJC_MSGSEND = YES;
				ENABLE_USER_SCRIPT_SANDBOXING = YES;
				GCC_C_LANGUAGE_STANDARD = gnu17;
				GCC_NO_COMMON_BLOCKS = YES;
				GCC_WARN_64_TO_32_BIT_CONVERSION = YES;
				GCC_WARN_ABOUT_RETURN_TYPE = YES_ERROR;
				GCC_WARN_UNDECLARED_SELECTOR = YES;
				GCC_WARN_UNINITIALIZED_AUTOS = YES_AGGRESSIVE;
				GCC_WARN_UNUSED_FUNCTION = YES;
				GCC_WARN_UNUSED_VARIABLE = YES;
				IPHONEOS_DEPLOYMENT_TARGET = 18.5;
				LOCALIZATION_PREFERS_STRING_CATALOGS = YES;
				MTL_ENABLE_DEBUG_INFO = NO;
				MTL_FAST_MATH = YES;
				SDKROOT = iphoneos;
				SWIFT_COMPILATION_MODE = wholemodule;
				VALIDATE_PRODUCT = YES;
			};
			name = Release;
		};
		DF5384FF2E3C74C700EB5177 /* Debug */ = {
			isa = XCBuildConfiguration;
			buildSettings = {
				ASSETCATALOG_COMPILER_APPICON_NAME = AppIcon;
				ASSETCATALOG_COMPILER_GLOBAL_ACCENT_COLOR_NAME = AccentColor;
				CODE_SIGN_STYLE = Automatic;
				CURRENT_PROJECT_VERSION = 1;
				ENABLE_PREVIEWS = YES;
				GENERATE_INFOPLIST_FILE = YES;
				INFOPLIST_KEY_UIApplicationSceneManifest_Generation = YES;
				INFOPLIST_KEY_UIApplicationSupportsIndirectInputEvents = YES;
				INFOPLIST_KEY_UILaunchScreen_Generation = YES;
				INFOPLIST_KEY_UISupportedInterfaceOrientations_iPad = "UIInterfaceOrientationPortrait UIInterfaceOrientationPortraitUpsideDown UIInterfaceOrientationLandscapeLeft UIInterfaceOrientationLandscapeRight";
				INFOPLIST_KEY_UISupportedInterfaceOrientations_iPhone = "UIInterfaceOrientationPortrait UIInterfaceOrientationLandscapeLeft UIInterfaceOrientationLandscapeRight";
				LD_RUNPATH_SEARCH_PATHS = (
					"$(inherited)",
					"@executable_path/Frameworks",
				);
				MARKETING_VERSION = 1.0;
				PRODUCT_BUNDLE_IDENTIFIER = "Swift-learning.Swift-Concurrency";
				PRODUCT_NAME = "$(TARGET_NAME)";
				SWIFT_EMIT_LOC_STRINGS = YES;
				SWIFT_VERSION = 5.0;
				TARGETED_DEVICE_FAMILY = "1,2";
			};
			name = Debug;
		};
		DF5385002E3C74C700EB5177 /* Release */ = {
			isa = XCBuildConfiguration;
			buildSettings = {
				ASSETCATALOG_COMPILER_APPICON_NAME = AppIcon;
				ASSETCATALOG_COMPILER_GLOBAL_ACCENT_COLOR_NAME = AccentColor;
				CODE_SIGN_STYLE = Automatic;
				CURRENT_PROJECT_VERSION = 1;
				ENABLE_PREVIEWS = YES;
				GENERATE_INFOPLIST_FILE = YES;
				INFOPLIST_KEY_UIApplicationSceneManifest_Generation = YES;
				INFOPLIST_KEY_UIApplicationSupportsIndirectInputEvents = YES;
				INFOPLIST_KEY_UILaunchScreen_Generation = YES;
				INFOPLIST_KEY_UISupportedInterfaceOrientations_iPad = "UIInterfaceOrientationPortrait UIInterfaceOrientationPortraitUpsideDown UIInterfaceOrientationLandscapeLeft UIInterfaceOrientationLandscapeRight";
				INFOPLIST_KEY_UISupportedInterfaceOrientations_iPhone = "UIInterfaceOrientationPortrait UIInterfaceOrientationLandscapeLeft UIInterfaceOrientationLandscapeRight";
				LD_RUNPATH_SEARCH_PATHS = (
					"$(inherited)",
					"@executable_path/Frameworks",
				);
				MARKETING_VERSION = 1.0;
				PRODUCT_BUNDLE_IDENTIFIER = "Swift-learning.Swift-Concurrency";
				PRODUCT_NAME = "$(TARGET_NAME)";
				SWIFT_EMIT_LOC_STRINGS = YES;
				SWIFT_VERSION = 5.0;
				TARGETED_DEVICE_FAMILY = "1,2";
			};
			name = Release;
		};
		DF5385022E3C74C700EB5177 /* Debug */ = {
			isa = XCBuildConfiguration;
			buildSettings = {
				BUNDLE_LOADER = "$(TEST_HOST)";
				CODE_SIGN_STYLE = Automatic;
				CURRENT_PROJECT_VERSION = 1;
				GENERATE_INFOPLIST_FILE = YES;
				IPHONEOS_DEPLOYMENT_TARGET = 18.5;
				MARKETING_VERSION = 1.0;
				PRODUCT_BUNDLE_IDENTIFIER = "Swift-learning.Swift-ConcurrencyTests";
				PRODUCT_NAME = "$(TARGET_NAME)";
				SWIFT_EMIT_LOC_STRINGS = NO;
				SWIFT_VERSION = 5.0;
				TARGETED_DEVICE_FAMILY = "1,2";
				TEST_HOST = "$(BUILT_PRODUCTS_DIR)/Swift-Concurrency.app/$(BUNDLE_EXECUTABLE_FOLDER_PATH)/Swift-Concurrency";
			};
			name = Debug;
		};
		DF5385032E3C74C700EB5177 /* Release */ = {
			isa = XCBuildConfiguration;
			buildSettings = {
				BUNDLE_LOADER = "$(TEST_HOST)";
				CODE_SIGN_STYLE = Automatic;
				CURRENT_PROJECT_VERSION = 1;
				GENERATE_INFOPLIST_FILE = YES;
				IPHONEOS_DEPLOYMENT_TARGET = 18.5;
				MARKETING_VERSION = 1.0;
				PRODUCT_BUNDLE_IDENTIFIER = "Swift-learning.Swift-ConcurrencyTests";
				PRODUCT_NAME = "$(TARGET_NAME)";
				SWIFT_EMIT_LOC_STRINGS = NO;
				SWIFT_VERSION = 5.0;
				TARGETED_DEVICE_FAMILY = "1,2";
				TEST_HOST = "$(BUILT_PRODUCTS_DIR)/Swift-Concurrency.app/$(BUNDLE_EXECUTABLE_FOLDER_PATH)/Swift-Concurrency";
			};
			name = Release;
		};
		DF5385052E3C74C700EB5177 /* Debug */ = {
			isa = XCBuildConfiguration;
			buildSettings = {
				CODE_SIGN_STYLE = Automatic;
				CURRENT_PROJECT_VERSION = 1;
				GENERATE_INFOPLIST_FILE = YES;
				MARKETING_VERSION = 1.0;
				PRODUCT_BUNDLE_IDENTIFIER = "Swift-learning.Swift-ConcurrencyUITests";
				PRODUCT_NAME = "$(TARGET_NAME)";
				SWIFT_EMIT_LOC_STRINGS = NO;
				SWIFT_VERSION = 5.0;
				TARGETED_DEVICE_FAMILY = "1,2";
				TEST_TARGET_NAME = "Swift-Concurrency";
			};
			name = Debug;
		};
		DF5385062E3C74C700EB5177 /* Release */ = {
			isa = XCBuildConfiguration;
			buildSettings = {
				CODE_SIGN_STYLE = Automatic;
				CURRENT_PROJECT_VERSION = 1;
				GENERATE_INFOPLIST_FILE = YES;
				MARKETING_VERSION = 1.0;
				PRODUCT_BUNDLE_IDENTIFIER = "Swift-learning.Swift-ConcurrencyUITests";
				PRODUCT_NAME = "$(TARGET_NAME)";
				SWIFT_EMIT_LOC_STRINGS = NO;
				SWIFT_VERSION = 5.0;
				TARGETED_DEVICE_FAMILY = "1,2";
				TEST_TARGET_NAME = "Swift-Concurrency";
			};
			name = Release;
		};
/* End XCBuildConfiguration section */

/* Begin XCConfigurationList section */
		DF5384D82E3C74C600EB5177 /* Build configuration list for PBXProject "Swift-Concurrency" */ = {
			isa = XCConfigurationList;
			buildConfigurations = (
				DF5384FC2E3C74C700EB5177 /* Debug */,
				DF5384FD2E3C74C700EB5177 /* Release */,
			);
			defaultConfigurationIsVisible = 0;
			defaultConfigurationName = Release;
		};
		DF5384FE2E3C74C700EB5177 /* Build configuration list for PBXNativeTarget "Swift-Concurrency" */ = {
			isa = XCConfigurationList;
			buildConfigurations = (
				DF5384FF2E3C74C700EB5177 /* Debug */,
				DF5385002E3C74C700EB5177 /* Release */,
			);
			defaultConfigurationIsVisible = 0;
			defaultConfigurationName = Release;
		};
		DF5385012E3C74C700EB5177 /* Build configuration list for PBXNativeTarget "Swift-ConcurrencyTests" */ = {
			isa = XCConfigurationList;
			buildConfigurations = (
				DF5385022E3C74C700EB5177 /* Debug */,
				DF5385032E3C74C700EB5177 /* Release */,
			);
			defaultConfigurationIsVisible = 0;
			defaultConfigurationName = Release;
		};
		DF5385042E3C74C700EB5177 /* Build configuration list for PBXNativeTarget "Swift-ConcurrencyUITests" */ = {
			isa = XCConfigurationList;
			buildConfigurations = (
				DF5385052E3C74C700EB5177 /* Debug */,
				DF5385062E3C74C700EB5177 /* Release */,
			);
			defaultConfigurationIsVisible = 0;
			defaultConfigurationName = Release;
		};
/* End XCConfigurationList section */
	};
	rootObject = DF5384D52E3C74C600EB5177 /* Project object */;
}
